
Microsoft Visual Studio Solution File, Format Version 12.00
# Visual Studio Version 16
VisualStudioVersion = 16.0.30320.27
MinimumVisualStudioVersion = 10.0.40219.1
Project("{9A19103F-16F7-4668-BE54-9A1E7A4F7556}") = "X.Test.AspNetCore2", "X.Test.AspNetCore2\X.Test.AspNetCore2.csproj", "{A76EFA00-2B33-45E6-A9D7-C395B9D1931D}"
EndProject
Project("{9A19103F-16F7-4668-BE54-9A1E7A4F7556}") = "X.Test.AspNetCore2.Service", "X.Test.AspNetCore2.Service\X.Test.AspNetCore2.Service.csproj", "{3CE1C280-0A4D-42DC-9797-813985527AB8}"
EndProject
Project("{9A19103F-16F7-4668-BE54-9A1E7A4F7556}") = "X.Test.AspNetCore2.Service.Impl", "X.Test.AspNetCore2.Service.Impl\X.Test.AspNetCore2.Service.Impl.csproj", "{B1A326D4-671F-4862-96AD-96E6DC3637D7}"
EndProject
Project("{9A19103F-16F7-4668-BE54-9A1E7A4F7556}") = "X.Test.AspNetCore2.Model", "X.Test.AspNetCore2.Model\X.Test.AspNetCore2.Model.csproj", "{B0F92D94-3DD6-4717-8D2B-ED5DB697B0C3}"
EndProject
Project("{FAE04EC0-301F-11D3-BF4B-00C04F79EFBC}") = "X.Test.AspNetCore2.Service.Injector", "X.Test.AspNetCore2.Service.Injector\X.Test.AspNetCore2.Service.Injector.csproj", "{C322061A-AC17-46FC-8ABC-739BBAC53687}"
EndProject
Global
	GlobalSection(SolutionConfigurationPlatforms) = preSolution
		Debug|Any CPU = Debug|Any CPU
		Release|Any CPU = Release|Any CPU
	EndGlobalSection
	GlobalSection(ProjectConfigurationPlatforms) = postSolution
		{A76EFA00-2B33-45E6-A9D7-C395B9D1931D}.Debug|Any CPU.ActiveCfg = Debug|Any CPU
		{A76EFA00-2B33-45E6-A9D7-C395B9D1931D}.Debug|Any CPU.Build.0 = Debug|Any CPU
		{A76EFA00-2B33-45E6-A9D7-C395B9D1931D}.Release|Any CPU.ActiveCfg = Release|Any CPU
		{A76EFA00-2B33-45E6-A9D7-C395B9D1931D}.Release|Any CPU.Build.0 = Release|Any CPU
		{3CE1C280-0A4D-42DC-9797-813985527AB8}.Debug|Any CPU.ActiveCfg = Debug|Any CPU
		{3CE1C280-0A4D-42DC-9797-813985527AB8}.Debug|Any CPU.Build.0 = Debug|Any CPU
		{3CE1C280-0A4D-42DC-9797-813985527AB8}.Release|Any CPU.ActiveCfg = Release|Any CPU
		{3CE1C280-0A4D-42DC-9797-813985527AB8}.Release|Any CPU.Build.0 = Release|Any CPU
		{B1A326D4-671F-4862-96AD-96E6DC3637D7}.Debug|Any CPU.ActiveCfg = Debug|Any CPU
		{B1A326D4-671F-4862-96AD-96E6DC3637D7}.Debug|Any CPU.Build.0 = Debug|Any CPU
		{B1A326D4-671F-4862-96AD-96E6DC3637D7}.Release|Any CPU.ActiveCfg = Release|Any CPU
		{B1A326D4-671F-4862-96AD-96E6DC3637D7}.Release|Any CPU.Build.0 = Release|Any CPU
		{B0F92D94-3DD6-4717-8D2B-ED5DB697B0C3}.Debug|Any CPU.ActiveCfg = Debug|Any CPU
		{B0F92D94-3DD6-4717-8D2B-ED5DB697B0C3}.Debug|Any CPU.Build.0 = Debug|Any CPU
		{B0F92D94-3DD6-4717-8D2B-ED5DB697B0C3}.Release|Any CPU.ActiveCfg = Release|Any CPU
		{B0F92D94-3DD6-4717-8D2B-ED5DB697B0C3}.Release|Any CPU.Build.0 = Release|Any CPU
		{C322061A-AC17-46FC-8ABC-739BBAC53687}.Debug|Any CPU.ActiveCfg = Debug|Any CPU
		{C322061A-AC17-46FC-8ABC-739BBAC53687}.Debug|Any CPU.Build.0 = Debug|Any CPU
		{C322061A-AC17-46FC-8ABC-739BBAC53687}.Release|Any CPU.ActiveCfg = Release|Any CPU
		{C322061A-AC17-46FC-8ABC-739BBAC53687}.Release|Any CPU.Build.0 = Release|Any CPU
	EndGlobalSection
	GlobalSection(SolutionProperties) = preSolution
		HideSolutionNode = FALSE
	EndGlobalSection
	GlobalSection(ExtensibilityGlobals) = postSolution
		SolutionGuid = {CCF9CA61-C0CA-452B-ACFB-0AEFF9A8C4E9}
	EndGlobalSection
EndGlobal
